// !$*UTF8*$!
{
	archiveVersion = 1;
	classes = {
	};
	objectVersion = 50;
	objects = {

/* Begin PBXBuildFile section */
		BCC465CB2101BA4C00AA8BB5 /* LineView.swift in Sources */ = {isa = PBXBuildFile; fileRef = BCC465CA2101BA4C00AA8BB5 /* LineView.swift */; };
		BCF25E002100AEF000E2B15A /* AppDelegate.swift in Sources */ = {isa = PBXBuildFile; fileRef = BCF25DFF2100AEF000E2B15A /* AppDelegate.swift */; };
		BCF25E022100AEF000E2B15A /* ViewController.swift in Sources */ = {isa = PBXBuildFile; fileRef = BCF25E012100AEF000E2B15A /* ViewController.swift */; };
		BCF25E052100AEF000E2B15A /* Main.storyboard in Resources */ = {isa = PBXBuildFile; fileRef = BCF25E032100AEF000E2B15A /* Main.storyboard */; };
		BCF25E072100AEF700E2B15A /* Assets.xcassets in Resources */ = {isa = PBXBuildFile; fileRef = BCF25E062100AEF700E2B15A /* Assets.xcassets */; };
		BCF25E0A2100AEF700E2B15A /* LaunchScreen.storyboard in Resources */ = {isa = PBXBuildFile; fileRef = BCF25E082100AEF700E2B15A /* LaunchScreen.storyboard */; };
		BCF25E132100AF8D00E2B15A /* TableViewCell.swift in Sources */ = {isa = PBXBuildFile; fileRef = BCF25E112100AF8D00E2B15A /* TableViewCell.swift */; };
		BCF25E142100AF8D00E2B15A /* TableViewCell.xib in Resources */ = {isa = PBXBuildFile; fileRef = BCF25E122100AF8D00E2B15A /* TableViewCell.xib */; };
		BCF25E162100B05B00E2B15A /* LotteryModel.swift in Sources */ = {isa = PBXBuildFile; fileRef = BCF25E152100B05B00E2B15A /* LotteryModel.swift */; };
/* End PBXBuildFile section */

/* Begin PBXFileReference section */
		BCC465CA2101BA4C00AA8BB5 /* LineView.swift */ = {isa = PBXFileReference; lastKnownFileType = sourcecode.swift; path = LineView.swift; sourceTree = "<group>"; };
		BCF25DFC2100AEEF00E2B15A /* LotteryView.app */ = {isa = PBXFileReference; explicitFileType = wrapper.application; includeInIndex = 0; path = LotteryView.app; sourceTree = BUILT_PRODUCTS_DIR; };
		BCF25DFF2100AEF000E2B15A /* AppDelegate.swift */ = {isa = PBXFileReference; lastKnownFileType = sourcecode.swift; path = AppDelegate.swift; sourceTree = "<group>"; };
		BCF25E012100AEF000E2B15A /* ViewController.swift */ = {isa = PBXFileReference; lastKnownFileType = sourcecode.swift; path = ViewController.swift; sourceTree = "<group>"; };
		BCF25E042100AEF000E2B15A /* Base */ = {isa = PBXFileReference; lastKnownFileType = file.storyboard; name = Base; path = Base.lproj/Main.storyboard; sourceTree = "<group>"; };
		BCF25E062100AEF700E2B15A /* Assets.xcassets */ = {isa = PBXFileReference; lastKnownFileType = folder.assetcatalog; path = Assets.xcassets; sourceTree = "<group>"; };
		BCF25E092100AEF700E2B15A /* Base */ = {isa = PBXFileReference; lastKnownFileType = file.storyboard; name = Base; path = Base.lproj/LaunchScreen.storyboard; sourceTree = "<group>"; };
		BCF25E0B2100AEF700E2B15A /* Info.plist */ = {isa = PBXFileReference; lastKnownFileType = text.plist.xml; path = Info.plist; sourceTree = "<group>"; };
		BCF25E112100AF8D00E2B15A /* TableViewCell.swift */ = {isa = PBXFileReference; lastKnownFileType = sourcecode.swift; path = TableViewCell.swift; sourceTree = "<group>"; };
		BCF25E122100AF8D00E2B15A /* TableViewCell.xib */ = {isa = PBXFileReference; lastKnownFileType = file.xib; path = TableViewCell.xib; sourceTree = "<group>"; };
		BCF25E152100B05B00E2B15A /* LotteryModel.swift */ = {isa = PBXFileReference; lastKnownFileType = sourcecode.swift; path = LotteryModel.swift; sourceTree = "<group>"; };
/* End PBXFileReference section */

/* Begin PBXFrameworksBuildPhase section */
		BCF25DF92100AEEF00E2B15A /* Frameworks */ = {
			isa = PBXFrameworksBuildPhase;
			buildActionMask = 2147483647;
			files = (
			);
			runOnlyForDeploymentPostprocessing = 0;
		};
/* End PBXFrameworksBuildPhase section */

/* Begin PBXGroup section */
		BCF25DF32100AEEF00E2B15A = {
			isa = PBXGroup;
			children = (
				BCF25DFE2100AEF000E2B15A /* LotteryView */,
				BCF25DFD2100AEEF00E2B15A /* Products */,
			);
			sourceTree = "<group>";
		};
		BCF25DFD2100AEEF00E2B15A /* Products */ = {
			isa = PBXGroup;
			children = (
				BCF25DFC2100AEEF00E2B15A /* LotteryView.app */,
			);
			name = Products;
			sourceTree = "<group>";
		};
		BCF25DFE2100AEF000E2B15A /* LotteryView */ = {
			isa = PBXGroup;
			children = (
				BCF25DFF2100AEF000E2B15A /* AppDelegate.swift */,
				BCF25E012100AEF000E2B15A /* ViewController.swift */,
				BCF25E112100AF8D00E2B15A /* TableViewCell.swift */,
				BCF25E122100AF8D00E2B15A /* TableViewCell.xib */,
				BCF25E152100B05B00E2B15A /* LotteryModel.swift */,
				BCC465CA2101BA4C00AA8BB5 /* LineView.swift */,
				BCF25E032100AEF000E2B15A /* Main.storyboard */,
				BCF25E062100AEF700E2B15A /* Assets.xcassets */,
				BCF25E082100AEF700E2B15A /* LaunchScreen.storyboard */,
				BCF25E0B2100AEF700E2B15A /* Info.plist */,
			);
			path = LotteryView;
			sourceTree = "<group>";
		};
/* End PBXGroup section */

/* Begin PBXNativeTarget section */
		BCF25DFB2100AEEF00E2B15A /* LotteryView */ = {
			isa = PBXNativeTarget;
			buildConfigurationList = BCF25E0E2100AEF700E2B15A /* Build configuration list for PBXNativeTarget "LotteryView" */;
			buildPhases = (
				BCF25DF82100AEEF00E2B15A /* Sources */,
				BCF25DF92100AEEF00E2B15A /* Frameworks */,
				BCF25DFA2100AEEF00E2B15A /* Resources */,
			);
			buildRules = (
			);
			dependencies = (
			);
			name = LotteryView;
			productName = LotteryView;
			productReference = BCF25DFC2100AEEF00E2B15A /* LotteryView.app */;
			productType = "com.apple.product-type.application";
		};
/* End PBXNativeTarget section */

/* Begin PBXProject section */
		BCF25DF42100AEEF00E2B15A /* Project object */ = {
			isa = PBXProject;
			attributes = {
				LastSwiftUpdateCheck = 0940;
				LastUpgradeCheck = 0940;
				ORGANIZATIONNAME = wangli;
				TargetAttributes = {
					BCF25DFB2100AEEF00E2B15A = {
						CreatedOnToolsVersion = 9.4.1;
					};
				};
			};
			buildConfigurationList = BCF25DF72100AEEF00E2B15A /* Build configuration list for PBXProject "LotteryView" */;
			compatibilityVersion = "Xcode 9.3";
			developmentRegion = en;
			hasScannedForEncodings = 0;
			knownRegions = (
				en,
				Base,
			);
			mainGroup = BCF25DF32100AEEF00E2B15A;
			productRefGroup = BCF25DFD2100AEEF00E2B15A /* Products */;
			projectDirPath = "";
			projectRoot = "";
			targets = (
				BCF25DFB2100AEEF00E2B15A /* LotteryView */,
			);
		};
/* End PBXProject section */

/* Begin PBXResourcesBuildPhase section */
		BCF25DFA2100AEEF00E2B15A /* Resources */ = {
			isa = PBXResourcesBuildPhase;
			buildActionMask = 2147483647;
			files = (
				BCF25E0A2100AEF700E2B15A /* LaunchScreen.storyboard in Resources */,
				BCF25E142100AF8D00E2B15A /* TableViewCell.xib in Resources */,
				BCF25E072100AEF700E2B15A /* Assets.xcassets in Resources */,
				BCF25E052100AEF000E2B15A /* Main.storyboard in Resources */,
			);
			runOnlyForDeploymentPostprocessing = 0;
		};
/* End PBXResourcesBuildPhase section */

/* Begin PBXSourcesBuildPhase section */
		BCF25DF82100AEEF00E2B15A /* Sources */ = {
			isa = PBXSourcesBuildPhase;
			buildActionMask = 2147483647;
			files = (
				BCF25E132100AF8D00E2B15A /* TableViewCell.swift in Sources */,
				BCF25E162100B05B00E2B15A /* LotteryModel.swift in Sources */,
				BCF25E022100AEF000E2B15A /* ViewController.swift in Sources */,
				BCC465CB2101BA4C00AA8BB5 /* LineView.swift in Sources */,
				BCF25E002100AEF000E2B15A /* AppDelegate.swift in Sources */,
			);
			runOnlyForDeploymentPostprocessing = 0;
		};
/* End PBXSourcesBuildPhase section */

/* Begin PBXVariantGroup section */
		BCF25E032100AEF000E2B15A /* Main.storyboard */ = {
			isa = PBXVariantGroup;
			children = (
				BCF25E042100AEF000E2B15A /* Base */,
			);
			name = Main.storyboard;
			sourceTree = "<group>";
		};
		BCF25E082100AEF700E2B15A /* LaunchScreen.storyboard */ = {
			isa = PBXVariantGroup;
			children = (
				BCF25E092100AEF700E2B15A /* Base */,
			);
			name = LaunchScreen.storyboard;
			sourceTree = "<group>";
		};
/* End PBXVariantGroup section */

/* Begin XCBuildConfiguration section */
		BCF25E0C2100AEF700E2B15A /* Debug */ = {
			isa = XCBuildConfiguration;
			buildSettings = {
				ALWAYS_SEARCH_USER_PATHS = NO;
				CLANG_ANALYZER_NONNULL = YES;
				CLANG_ANALYZER_NUMBER_OBJECT_CONVERSION = YES_AGGRESSIVE;
				CLANG_CXX_LANGUAGE_STANDARD = "gnu++14";
				CLANG_CXX_LIBRARY = "libc++";
				CLANG_ENABLE_MODULES = YES;
				CLANG_ENABLE_OBJC_ARC = YES;
				CLANG_ENABLE_OBJC_WEAK = YES;
				CLANG_WARN_BLOCK_CAPTURE_AUTORELEASING = YES;
				CLANG_WARN_BOOL_CONVERSION = YES;
				CLANG_WARN_COMMA = YES;
				CLANG_WARN_CONSTANT_CONVERSION = YES;
				CLANG_WARN_DEPRECATED_OBJC_IMPLEMENTATIONS = YES;
				CLANG_WARN_DIRECT_OBJC_ISA_USAGE = YES_ERROR;
				CLANG_WARN_DOCUMENTATION_COMMENTS = YES;
				CLANG_WARN_EMPTY_BODY = YES;
				CLANG_WARN_ENUM_CONVERSION = YES;
				CLANG_WARN_INFINITE_RECURSION = YES;
				CLANG_WARN_INT_CONVERSION = YES;
				CLANG_WARN_NON_LITERAL_NULL_CONVERSION = YES;
				CLANG_WARN_OBJC_IMPLICIT_RETAIN_SELF = YES;
				CLANG_WARN_OBJC_LITERAL_CONVERSION = YES;
				CLANG_WARN_OBJC_ROOT_CLASS = YES_ERROR;
				CLANG_WARN_RANGE_LOOP_ANALYSIS = YES;
				CLANG_WARN_STRICT_PROTOTYPES = YES;
				CLANG_WARN_SUSPICIOUS_MOVE = YES;
				CLANG_WARN_UNGUARDED_AVAILABILITY = YES_AGGRESSIVE;
				CLANG_WARN_UNREACHABLE_CODE = YES;
				CLANG_WARN__DUPLICATE_METHOD_MATCH = YES;
				CODE_SIGN_IDENTITY = "iPhone Developer";
				COPY_PHASE_STRIP = NO;
				DEBUG_INFORMATION_FORMAT = dwarf;
				ENABLE_STRICT_OBJC_MSGSEND = YES;
				ENABLE_TESTABILITY = YES;
				GCC_C_LANGUAGE_STANDARD = gnu11;
				GCC_DYNAMIC_NO_PIC = NO;
				GCC_NO_COMMON_BLOCKS = YES;
				GCC_OPTIMIZATION_LEVEL = 0;
				GCC_PREPROCESSOR_DEFINITIONS = (
					"DEBUG=1",
					"$(inherited)",
				);
				GCC_WARN_64_TO_32_BIT_CONVERSION = YES;
				GCC_WARN_ABOUT_RETURN_TYPE = YES_ERROR;
				GCC_WARN_UNDECLARED_SELECTOR = YES;
				GCC_WARN_UNINITIALIZED_AUTOS = YES_AGGRESSIVE;
				GCC_WARN_UNUSED_FUNCTION = YES;
				GCC_WARN_UNUSED_VARIABLE = YES;
				IPHONEOS_DEPLOYMENT_TARGET = 11.4;
				MTL_ENABLE_DEBUG_INFO = YES;
				ONLY_ACTIVE_ARCH = YES;
				SDKROOT = iphoneos;
				SWIFT_ACTIVE_COMPILATION_CONDITIONS = DEBUG;
				SWIFT_OPTIMIZATION_LEVEL = "-Onone";
			};
			name = Debug;
		};
		BCF25E0D2100AEF700E2B15A /* Release */ = {
			isa = XCBuildConfiguration;
			buildSettings = {
				ALWAYS_SEARCH_USER_PATHS = NO;
				CLANG_ANALYZER_NONNULL = YES;
				CLANG_ANALYZER_NUMBER_OBJECT_CONVERSION = YES_AGGRESSIVE;
				CLANG_CXX_LANGUAGE_STANDARD = "gnu++14";
				CLANG_CXX_LIBRARY = "libc++";
				CLANG_ENABLE_MODULES = YES;
				CLANG_ENABLE_OBJC_ARC = YES;
				CLANG_ENABLE_OBJC_WEAK = YES;
				CLANG_WARN_BLOCK_CAPTURE_AUTORELEASING = YES;
				CLANG_WARN_BOOL_CONVERSION = YES;
				CLANG_WARN_COMMA = YES;
				CLANG_WARN_CONSTANT_CONVERSION = YES;
				CLANG_WARN_DEPRECATED_OBJC_IMPLEMENTATIONS = YES;
				CLANG_WARN_DIRECT_OBJC_ISA_USAGE = YES_ERROR;
				CLANG_WARN_DOCUMENTATION_COMMENTS = YES;
				CLANG_WARN_EMPTY_BODY = YES;
				CLANG_WARN_ENUM_CONVERSION = YES;
				CLANG_WARN_INFINITE_RECURSION = YES;
				CLANG_WARN_INT_CONVERSION = YES;
				CLANG_WARN_NON_LITERAL_NULL_CONVERSION = YES;
				CLANG_WARN_OBJC_IMPLICIT_RETAIN_SELF = YES;
				CLANG_WARN_OBJC_LITERAL_CONVERSION = YES;
				CLANG_WARN_OBJC_ROOT_CLASS = YES_ERROR;
				CLANG_WARN_RANGE_LOOP_ANALYSIS = YES;
				CLANG_WARN_STRICT_PROTOTYPES = YES;
				CLANG_WARN_SUSPICIOUS_MOVE = YES;
				CLANG_WARN_UNGUARDED_AVAILABILITY = YES_AGGRESSIVE;
				CLANG_WARN_UNREACHABLE_CODE = YES;
				CLANG_WARN__DUPLICATE_METHOD_MATCH = YES;
				CODE_SIGN_IDENTITY = "iPhone Developer";
				COPY_PHASE_STRIP = NO;
				DEBUG_INFORMATION_FORMAT = "dwarf-with-dsym";
				ENABLE_NS_ASSERTIONS = NO;
				ENABLE_STRICT_OBJC_MSGSEND = YES;
				GCC_C_LANGUAGE_STANDARD = gnu11;
				GCC_NO_COMMON_BLOCKS = YES;
				GCC_WARN_64_TO_32_BIT_CONVERSION = YES;
				GCC_WARN_ABOUT_RETURN_TYPE = YES_ERROR;
				GCC_WARN_UNDECLARED_SELECTOR = YES;
				GCC_WARN_UNINITIALIZED_AUTOS = YES_AGGRESSIVE;
				GCC_WARN_UNUSED_FUNCTION = YES;
				GCC_WARN_UNUSED_VARIABLE = YES;
				IPHONEOS_DEPLOYMENT_TARGET = 11.4;
				MTL_ENABLE_DEBUG_INFO = NO;
				SDKROOT = iphoneos;
				SWIFT_COMPILATION_MODE = wholemodule;
				SWIFT_OPTIMIZATION_LEVEL = "-O";
				VALIDATE_PRODUCT = YES;
			};
			name = Release;
		};
		BCF25E0F2100AEF700E2B15A /* Debug */ = {
			isa = XCBuildConfiguration;
			buildSettings = {
				ASSETCATALOG_COMPILER_APPICON_NAME = AppIcon;
				CODE_SIGN_STYLE = Automatic;
				DEVELOPMENT_TEAM = AN74G8J783;
				INFOPLIST_FILE = LotteryView/Info.plist;
				IPHONEOS_DEPLOYMENT_TARGET = 10.0;
				LD_RUNPATH_SEARCH_PATHS = (
					"$(inherited)",
					"@executable_path/Frameworks",
				);
				PRODUCT_BUNDLE_IDENTIFIER = wangli.LotteryView;
				PRODUCT_NAME = "$(TARGET_NAME)";
				SWIFT_VERSION = 4.0;
				TARGETED_DEVICE_FAMILY = 1;
			};
			name = Debug;
		};
		BCF25E102100AEF700E2B15A /* Release */ = {
			isa = XCBuildConfiguration;
			buildSettings = {
				ASSETCATALOG_COMPILER_APPICON_NAME = AppIcon;
				CODE_SIGN_STYLE = Automatic;
				DEVELOPMENT_TEAM = AN74G8J783;
				INFOPLIST_FILE = LotteryView/Info.plist;
				IPHONEOS_DEPLOYMENT_TARGET = 10.0;
				LD_RUNPATH_SEARCH_PATHS = (
					"$(inherited)",
					"@executable_path/Frameworks",
				);
				PRODUCT_BUNDLE_IDENTIFIER = wangli.LotteryView;
				PRODUCT_NAME = "$(TARGET_NAME)";
				SWIFT_VERSION = 4.0;
				TARGETED_DEVICE_FAMILY = 1;
			};
			name = Release;
		};
/* End XCBuildConfiguration section */

/* Begin XCConfigurationList section */
		BCF25DF72100AEEF00E2B15A /* Build configuration list for PBXProject "LotteryView" */ = {
			isa = XCConfigurationList;
			buildConfigurations = (
				BCF25E0C2100AEF700E2B15A /* Debug */,
				BCF25E0D2100AEF700E2B15A /* Release */,
			);
			defaultConfigurationIsVisible = 0;
			defaultConfigurationName = Release;
		};
		BCF25E0E2100AEF700E2B15A /* Build configuration list for PBXNativeTarget "LotteryView" */ = {
			isa = XCConfigurationList;
			buildConfigurations = (
				BCF25E0F2100AEF700E2B15A /* Debug */,
				BCF25E102100AEF700E2B15A /* Release */,
			);
			defaultConfigurationIsVisible = 0;
			defaultConfigurationName = Release;
		};
/* End XCConfigurationList section */
	};
	rootObject = BCF25DF42100AEEF00E2B15A /* Project object */;
}
